
Microsoft Visual Studio Solution File, Format Version 12.00
# Visual Studio Version 17
VisualStudioVersion = 17.5.002.0
MinimumVisualStudioVersion = 10.0.40219.1
Project("{9A19103F-16F7-4668-BE54-9A1E7A4F7556}") = "ExemploExplorando", "trilha-net-exemplo-explorando-a-linguagem-main\ExemploExplorando.csproj", "{5B2F3CAB-E568-476E-8F07-843393A78974}"
EndProject
Global
	GlobalSection(SolutionConfigurationPlatforms) = preSolution
		Debug|Any CPU = Debug|Any CPU
		Release|Any CPU = Release|Any CPU
	EndGlobalSection
	GlobalSection(ProjectConfigurationPlatforms) = postSolution
		{5B2F3CAB-E568-476E-8F07-843393A78974}.Debug|Any CPU.ActiveCfg = Debug|Any CPU
		{5B2F3CAB-E568-476E-8F07-843393A78974}.Debug|Any CPU.Build.0 = Debug|Any CPU
		{5B2F3CAB-E568-476E-8F07-843393A78974}.Release|Any CPU.ActiveCfg = Release|Any CPU
		{5B2F3CAB-E568-476E-8F07-843393A78974}.Release|Any CPU.Build.0 = Release|Any CPU
	EndGlobalSection
	GlobalSection(SolutionProperties) = preSolution
		HideSolutionNode = FALSE
	EndGlobalSection
	GlobalSection(ExtensibilityGlobals) = postSolution
		SolutionGuid = {11BE882E-BBE3-4740-B33C-94D234759EFB}
	EndGlobalSection
EndGlobal
